
Microsoft Visual Studio Solution File, Format Version 12.00
# Visual Studio 15
VisualStudioVersion = 15.0.28010.2036
MinimumVisualStudioVersion = 10.0.40219.1
Project("{FAE04EC0-301F-11D3-BF4B-00C04F79EFBC}") = "ConsoleAdventure", "ConsoleAdventure\ConsoleAdventure.csproj", "{ED853678-0218-41E6-B451-9451F401F083}"
EndProject
Global
	GlobalSection(SolutionConfigurationPlatforms) = preSolution
		Debug|Any CPU = Debug|Any CPU
		Release|Any CPU = Release|Any CPU
	EndGlobalSection
	GlobalSection(ProjectConfigurationPlatforms) = postSolution
		{ED853678-0218-41E6-B451-9451F401F083}.Debug|Any CPU.ActiveCfg = Debug|Any CPU
		{ED853678-0218-41E6-B451-9451F401F083}.Debug|Any CPU.Build.0 = Debug|Any CPU
		{ED853678-0218-41E6-B451-9451F401F083}.Release|Any CPU.ActiveCfg = Release|Any CPU
		{ED853678-0218-41E6-B451-9451F401F083}.Release|Any CPU.Build.0 = Release|Any CPU
	EndGlobalSection
	GlobalSection(SolutionProperties) = preSolution
		HideSolutionNode = FALSE
	EndGlobalSection
	GlobalSection(ExtensibilityGlobals) = postSolution
		SolutionGuid = {A82064E4-88D4-4804-815B-5E87D55DD87E}
	EndGlobalSection
EndGlobal
